
Microsoft Visual Studio Solution File, Format Version 11.00
# Visual Studio 2010
Project("{FAE04EC0-301F-11D3-BF4B-00C04F79EFBC}") = "easyThread", "easyThread\easyThread.csproj", "{AE8A8382-7EE5-4A1D-93EC-46C3A9EAA127}"
EndProject
Global
	GlobalSection(SolutionConfigurationPlatforms) = preSolution
		Debug|x86 = Debug|x86
		Release|x86 = Release|x86
	EndGlobalSection
	GlobalSection(ProjectConfigurationPlatforms) = postSolution
		{AE8A8382-7EE5-4A1D-93EC-46C3A9EAA127}.Debug|x86.ActiveCfg = Debug|x86
		{AE8A8382-7EE5-4A1D-93EC-46C3A9EAA127}.Debug|x86.Build.0 = Debug|x86
		{AE8A8382-7EE5-4A1D-93EC-46C3A9EAA127}.Release|x86.ActiveCfg = Release|x86
		{AE8A8382-7EE5-4A1D-93EC-46C3A9EAA127}.Release|x86.Build.0 = Release|x86
	EndGlobalSection
	GlobalSection(SolutionProperties) = preSolution
		HideSolutionNode = FALSE
	EndGlobalSection
EndGlobal
