
Microsoft Visual Studio Solution File, Format Version 11.00
# Visual Studio 2010
Project("{FAE04EC0-301F-11D3-BF4B-00C04F79EFBC}") = "CustomerStruct", "CustomerStruct\CustomerStruct.csproj", "{4112CCF1-F83D-44FF-B2A9-F7080054F544}"
EndProject
Global
	GlobalSection(SolutionConfigurationPlatforms) = preSolution
		Debug|x86 = Debug|x86
		Release|x86 = Release|x86
	EndGlobalSection
	GlobalSection(ProjectConfigurationPlatforms) = postSolution
		{4112CCF1-F83D-44FF-B2A9-F7080054F544}.Debug|x86.ActiveCfg = Debug|x86
		{4112CCF1-F83D-44FF-B2A9-F7080054F544}.Debug|x86.Build.0 = Debug|x86
		{4112CCF1-F83D-44FF-B2A9-F7080054F544}.Release|x86.ActiveCfg = Release|x86
		{4112CCF1-F83D-44FF-B2A9-F7080054F544}.Release|x86.Build.0 = Release|x86
	EndGlobalSection
	GlobalSection(SolutionProperties) = preSolution
		HideSolutionNode = FALSE
	EndGlobalSection
EndGlobal
