
Microsoft Visual Studio Solution File, Format Version 11.00
# Visual Studio 2010
Project("{FAE04EC0-301F-11D3-BF4B-00C04F79EFBC}") = "UdpMine", "UdpMine\UdpMine.csproj", "{C6056752-3E9E-4D53-815A-2AA6B7ABC044}"
EndProject
Global
	GlobalSection(SolutionConfigurationPlatforms) = preSolution
		Debug|x86 = Debug|x86
		Release|x86 = Release|x86
	EndGlobalSection
	GlobalSection(ProjectConfigurationPlatforms) = postSolution
		{C6056752-3E9E-4D53-815A-2AA6B7ABC044}.Debug|x86.ActiveCfg = Debug|x86
		{C6056752-3E9E-4D53-815A-2AA6B7ABC044}.Debug|x86.Build.0 = Debug|x86
		{C6056752-3E9E-4D53-815A-2AA6B7ABC044}.Release|x86.ActiveCfg = Release|x86
		{C6056752-3E9E-4D53-815A-2AA6B7ABC044}.Release|x86.Build.0 = Release|x86
	EndGlobalSection
	GlobalSection(SolutionProperties) = preSolution
		HideSolutionNode = FALSE
	EndGlobalSection
EndGlobal
