
Microsoft Visual Studio Solution File, Format Version 11.00
# Visual Studio 2010
Project("{FAE04EC0-301F-11D3-BF4B-00C04F79EFBC}") = "ExtractionHTMLAttribute", "ExtractionHTMLAttribute\ExtractionHTMLAttribute.csproj", "{A7332457-8493-43B8-8996-4BA1F6594370}"
EndProject
Global
	GlobalSection(SolutionConfigurationPlatforms) = preSolution
		Debug|x86 = Debug|x86
		Release|x86 = Release|x86
	EndGlobalSection
	GlobalSection(ProjectConfigurationPlatforms) = postSolution
		{A7332457-8493-43B8-8996-4BA1F6594370}.Debug|x86.ActiveCfg = Debug|x86
		{A7332457-8493-43B8-8996-4BA1F6594370}.Debug|x86.Build.0 = Debug|x86
		{A7332457-8493-43B8-8996-4BA1F6594370}.Release|x86.ActiveCfg = Release|x86
		{A7332457-8493-43B8-8996-4BA1F6594370}.Release|x86.Build.0 = Release|x86
	EndGlobalSection
	GlobalSection(SolutionProperties) = preSolution
		HideSolutionNode = FALSE
	EndGlobalSection
EndGlobal
