
Microsoft Visual Studio Solution File, Format Version 11.00
# Visual Studio 2010
Project("{FAE04EC0-301F-11D3-BF4B-00C04F79EFBC}") = "myClock", "myClock\myClock.csproj", "{CCCBC310-08C2-4FC2-BAC0-F44E29C7907B}"
EndProject
Global
	GlobalSection(SolutionConfigurationPlatforms) = preSolution
		Debug|Any CPU = Debug|Any CPU
		Release|Any CPU = Release|Any CPU
	EndGlobalSection
	GlobalSection(ProjectConfigurationPlatforms) = postSolution
		{CCCBC310-08C2-4FC2-BAC0-F44E29C7907B}.Debug|Any CPU.ActiveCfg = Debug|Any CPU
		{CCCBC310-08C2-4FC2-BAC0-F44E29C7907B}.Debug|Any CPU.Build.0 = Debug|Any CPU
		{CCCBC310-08C2-4FC2-BAC0-F44E29C7907B}.Release|Any CPU.ActiveCfg = Release|Any CPU
		{CCCBC310-08C2-4FC2-BAC0-F44E29C7907B}.Release|Any CPU.Build.0 = Release|Any CPU
	EndGlobalSection
	GlobalSection(SolutionProperties) = preSolution
		HideSolutionNode = FALSE
	EndGlobalSection
EndGlobal
